// !$*UTF8*$!
{
	archiveVersion = 1;
	classes = {
	};
	objectVersion = 50;
	objects = {

/* Begin PBXBuildFile section */
		AB2650B520AF8D3A00DAC366 /* PlayingCardView.swift in Sources */ = {isa = PBXBuildFile; fileRef = AB2650B420AF8D3A00DAC366 /* PlayingCardView.swift */; };
		ABF26AE520AA57FD00063A9E /* AppDelegate.swift in Sources */ = {isa = PBXBuildFile; fileRef = ABF26AE420AA57FD00063A9E /* AppDelegate.swift */; };
		ABF26AE720AA57FD00063A9E /* ViewController.swift in Sources */ = {isa = PBXBuildFile; fileRef = ABF26AE620AA57FD00063A9E /* ViewController.swift */; };
		ABF26AEA20AA57FD00063A9E /* Main.storyboard in Resources */ = {isa = PBXBuildFile; fileRef = ABF26AE820AA57FD00063A9E /* Main.storyboard */; };
		ABF26AEC20AA57FE00063A9E /* Assets.xcassets in Resources */ = {isa = PBXBuildFile; fileRef = ABF26AEB20AA57FE00063A9E /* Assets.xcassets */; };
		ABF26AEF20AA57FE00063A9E /* LaunchScreen.storyboard in Resources */ = {isa = PBXBuildFile; fileRef = ABF26AED20AA57FE00063A9E /* LaunchScreen.storyboard */; };
		ABF26AF720AA582F00063A9E /* PlayingCardDeck.swift in Sources */ = {isa = PBXBuildFile; fileRef = ABF26AF620AA582F00063A9E /* PlayingCardDeck.swift */; };
		ABF26AF920AA586400063A9E /* PlayingCard.swift in Sources */ = {isa = PBXBuildFile; fileRef = ABF26AF820AA586300063A9E /* PlayingCard.swift */; };
/* End PBXBuildFile section */

/* Begin PBXFileReference section */
		AB2650B420AF8D3A00DAC366 /* PlayingCardView.swift */ = {isa = PBXFileReference; lastKnownFileType = sourcecode.swift; path = PlayingCardView.swift; sourceTree = "<group>"; };
		ABF26AE120AA57FD00063A9E /* Playing Card Deck.app */ = {isa = PBXFileReference; explicitFileType = wrapper.application; includeInIndex = 0; path = "Playing Card Deck.app"; sourceTree = BUILT_PRODUCTS_DIR; };
		ABF26AE420AA57FD00063A9E /* AppDelegate.swift */ = {isa = PBXFileReference; lastKnownFileType = sourcecode.swift; path = AppDelegate.swift; sourceTree = "<group>"; };
		ABF26AE620AA57FD00063A9E /* ViewController.swift */ = {isa = PBXFileReference; lastKnownFileType = sourcecode.swift; path = ViewController.swift; sourceTree = "<group>"; };
		ABF26AE920AA57FD00063A9E /* Base */ = {isa = PBXFileReference; lastKnownFileType = file.storyboard; name = Base; path = Base.lproj/Main.storyboard; sourceTree = "<group>"; };
		ABF26AEB20AA57FE00063A9E /* Assets.xcassets */ = {isa = PBXFileReference; lastKnownFileType = folder.assetcatalog; path = Assets.xcassets; sourceTree = "<group>"; };
		ABF26AEE20AA57FE00063A9E /* Base */ = {isa = PBXFileReference; lastKnownFileType = file.storyboard; name = Base; path = Base.lproj/LaunchScreen.storyboard; sourceTree = "<group>"; };
		ABF26AF020AA57FE00063A9E /* Info.plist */ = {isa = PBXFileReference; lastKnownFileType = text.plist.xml; path = Info.plist; sourceTree = "<group>"; };
		ABF26AF620AA582F00063A9E /* PlayingCardDeck.swift */ = {isa = PBXFileReference; lastKnownFileType = sourcecode.swift; path = PlayingCardDeck.swift; sourceTree = "<group>"; };
		ABF26AF820AA586300063A9E /* PlayingCard.swift */ = {isa = PBXFileReference; lastKnownFileType = sourcecode.swift; path = PlayingCard.swift; sourceTree = "<group>"; };
/* End PBXFileReference section */

/* Begin PBXFrameworksBuildPhase section */
		ABF26ADE20AA57FD00063A9E /* Frameworks */ = {
			isa = PBXFrameworksBuildPhase;
			buildActionMask = 2147483647;
			files = (
			);
			runOnlyForDeploymentPostprocessing = 0;
		};
/* End PBXFrameworksBuildPhase section */

/* Begin PBXGroup section */
		ABF26AD820AA57FD00063A9E = {
			isa = PBXGroup;
			children = (
				ABF26AE320AA57FD00063A9E /* Playing Card Deck */,
				ABF26AE220AA57FD00063A9E /* Products */,
			);
			sourceTree = "<group>";
		};
		ABF26AE220AA57FD00063A9E /* Products */ = {
			isa = PBXGroup;
			children = (
				ABF26AE120AA57FD00063A9E /* Playing Card Deck.app */,
			);
			name = Products;
			sourceTree = "<group>";
		};
		ABF26AE320AA57FD00063A9E /* Playing Card Deck */ = {
			isa = PBXGroup;
			children = (
				ABF26AF820AA586300063A9E /* PlayingCard.swift */,
				ABF26AF620AA582F00063A9E /* PlayingCardDeck.swift */,
				ABF26AE420AA57FD00063A9E /* AppDelegate.swift */,
				ABF26AE620AA57FD00063A9E /* ViewController.swift */,
				ABF26AE820AA57FD00063A9E /* Main.storyboard */,
				AB2650B420AF8D3A00DAC366 /* PlayingCardView.swift */,
				ABF26AEB20AA57FE00063A9E /* Assets.xcassets */,
				ABF26AED20AA57FE00063A9E /* LaunchScreen.storyboard */,
				ABF26AF020AA57FE00063A9E /* Info.plist */,
			);
			path = "Playing Card Deck";
			sourceTree = "<group>";
		};
/* End PBXGroup section */

/* Begin PBXNativeTarget section */
		ABF26AE020AA57FD00063A9E /* Playing Card Deck */ = {
			isa = PBXNativeTarget;
			buildConfigurationList = ABF26AF320AA57FE00063A9E /* Build configuration list for PBXNativeTarget "Playing Card Deck" */;
			buildPhases = (
				ABF26ADD20AA57FD00063A9E /* Sources */,
				ABF26ADE20AA57FD00063A9E /* Frameworks */,
				ABF26ADF20AA57FD00063A9E /* Resources */,
			);
			buildRules = (
			);
			dependencies = (
			);
			name = "Playing Card Deck";
			productName = "Playing Card Deck";
			productReference = ABF26AE120AA57FD00063A9E /* Playing Card Deck.app */;
			productType = "com.apple.product-type.application";
		};
/* End PBXNativeTarget section */

/* Begin PBXProject section */
		ABF26AD920AA57FD00063A9E /* Project object */ = {
			isa = PBXProject;
			attributes = {
				LastSwiftUpdateCheck = 0930;
				LastUpgradeCheck = 0930;
				ORGANIZATIONNAME = "Junya Murakami";
				TargetAttributes = {
					ABF26AE020AA57FD00063A9E = {
						CreatedOnToolsVersion = 9.3;
					};
				};
			};
			buildConfigurationList = ABF26ADC20AA57FD00063A9E /* Build configuration list for PBXProject "Playing Card Deck" */;
			compatibilityVersion = "Xcode 9.3";
			developmentRegion = en;
			hasScannedForEncodings = 0;
			knownRegions = (
				en,
				Base,
			);
			mainGroup = ABF26AD820AA57FD00063A9E;
			productRefGroup = ABF26AE220AA57FD00063A9E /* Products */;
			projectDirPath = "";
			projectRoot = "";
			targets = (
				ABF26AE020AA57FD00063A9E /* Playing Card Deck */,
			);
		};
/* End PBXProject section */

/* Begin PBXResourcesBuildPhase section */
		ABF26ADF20AA57FD00063A9E /* Resources */ = {
			isa = PBXResourcesBuildPhase;
			buildActionMask = 2147483647;
			files = (
				ABF26AEF20AA57FE00063A9E /* LaunchScreen.storyboard in Resources */,
				ABF26AEC20AA57FE00063A9E /* Assets.xcassets in Resources */,
				ABF26AEA20AA57FD00063A9E /* Main.storyboard in Resources */,
			);
			runOnlyForDeploymentPostprocessing = 0;
		};
/* End PBXResourcesBuildPhase section */

/* Begin PBXSourcesBuildPhase section */
		ABF26ADD20AA57FD00063A9E /* Sources */ = {
			isa = PBXSourcesBuildPhase;
			buildActionMask = 2147483647;
			files = (
				ABF26AF720AA582F00063A9E /* PlayingCardDeck.swift in Sources */,
				ABF26AE720AA57FD00063A9E /* ViewController.swift in Sources */,
				ABF26AF920AA586400063A9E /* PlayingCard.swift in Sources */,
				AB2650B520AF8D3A00DAC366 /* PlayingCardView.swift in Sources */,
				ABF26AE520AA57FD00063A9E /* AppDelegate.swift in Sources */,
			);
			runOnlyForDeploymentPostprocessing = 0;
		};
/* End PBXSourcesBuildPhase section */

/* Begin PBXVariantGroup section */
		ABF26AE820AA57FD00063A9E /* Main.storyboard */ = {
			isa = PBXVariantGroup;
			children = (
				ABF26AE920AA57FD00063A9E /* Base */,
			);
			name = Main.storyboard;
			sourceTree = "<group>";
		};
		ABF26AED20AA57FE00063A9E /* LaunchScreen.storyboard */ = {
			isa = PBXVariantGroup;
			children = (
				ABF26AEE20AA57FE00063A9E /* Base */,
			);
			name = LaunchScreen.storyboard;
			sourceTree = "<group>";
		};
/* End PBXVariantGroup section */

/* Begin XCBuildConfiguration section */
		ABF26AF120AA57FE00063A9E /* Debug */ = {
			isa = XCBuildConfiguration;
			buildSettings = {
				ALWAYS_SEARCH_USER_PATHS = NO;
				CLANG_ANALYZER_NONNULL = YES;
				CLANG_ANALYZER_NUMBER_OBJECT_CONVERSION = YES_AGGRESSIVE;
				CLANG_CXX_LANGUAGE_STANDARD = "gnu++14";
				CLANG_CXX_LIBRARY = "libc++";
				CLANG_ENABLE_MODULES = YES;
				CLANG_ENABLE_OBJC_ARC = YES;
				CLANG_ENABLE_OBJC_WEAK = YES;
				CLANG_WARN_BLOCK_CAPTURE_AUTORELEASING = YES;
				CLANG_WARN_BOOL_CONVERSION = YES;
				CLANG_WARN_COMMA = YES;
				CLANG_WARN_CONSTANT_CONVERSION = YES;
				CLANG_WARN_DEPRECATED_OBJC_IMPLEMENTATIONS = YES;
				CLANG_WARN_DIRECT_OBJC_ISA_USAGE = YES_ERROR;
				CLANG_WARN_DOCUMENTATION_COMMENTS = YES;
				CLANG_WARN_EMPTY_BODY = YES;
				CLANG_WARN_ENUM_CONVERSION = YES;
				CLANG_WARN_INFINITE_RECURSION = YES;
				CLANG_WARN_INT_CONVERSION = YES;
				CLANG_WARN_NON_LITERAL_NULL_CONVERSION = YES;
				CLANG_WARN_OBJC_IMPLICIT_RETAIN_SELF = YES;
				CLANG_WARN_OBJC_LITERAL_CONVERSION = YES;
				CLANG_WARN_OBJC_ROOT_CLASS = YES_ERROR;
				CLANG_WARN_RANGE_LOOP_ANALYSIS = YES;
				CLANG_WARN_STRICT_PROTOTYPES = YES;
				CLANG_WARN_SUSPICIOUS_MOVE = YES;
				CLANG_WARN_UNGUARDED_AVAILABILITY = YES_AGGRESSIVE;
				CLANG_WARN_UNREACHABLE_CODE = YES;
				CLANG_WARN__DUPLICATE_METHOD_MATCH = YES;
				CODE_SIGN_IDENTITY = "iPhone Developer";
				COPY_PHASE_STRIP = NO;
				DEBUG_INFORMATION_FORMAT = dwarf;
				ENABLE_STRICT_OBJC_MSGSEND = YES;
				ENABLE_TESTABILITY = YES;
				GCC_C_LANGUAGE_STANDARD = gnu11;
				GCC_DYNAMIC_NO_PIC = NO;
				GCC_NO_COMMON_BLOCKS = YES;
				GCC_OPTIMIZATION_LEVEL = 0;
				GCC_PREPROCESSOR_DEFINITIONS = (
					"DEBUG=1",
					"$(inherited)",
				);
				GCC_WARN_64_TO_32_BIT_CONVERSION = YES;
				GCC_WARN_ABOUT_RETURN_TYPE = YES_ERROR;
				GCC_WARN_UNDECLARED_SELECTOR = YES;
				GCC_WARN_UNINITIALIZED_AUTOS = YES_AGGRESSIVE;
				GCC_WARN_UNUSED_FUNCTION = YES;
				GCC_WARN_UNUSED_VARIABLE = YES;
				IPHONEOS_DEPLOYMENT_TARGET = 11.3;
				MTL_ENABLE_DEBUG_INFO = YES;
				ONLY_ACTIVE_ARCH = YES;
				SDKROOT = iphoneos;
				SWIFT_ACTIVE_COMPILATION_CONDITIONS = DEBUG;
				SWIFT_OPTIMIZATION_LEVEL = "-Onone";
			};
			name = Debug;
		};
		ABF26AF220AA57FE00063A9E /* Release */ = {
			isa = XCBuildConfiguration;
			buildSettings = {
				ALWAYS_SEARCH_USER_PATHS = NO;
				CLANG_ANALYZER_NONNULL = YES;
				CLANG_ANALYZER_NUMBER_OBJECT_CONVERSION = YES_AGGRESSIVE;
				CLANG_CXX_LANGUAGE_STANDARD = "gnu++14";
				CLANG_CXX_LIBRARY = "libc++";
				CLANG_ENABLE_MODULES = YES;
				CLANG_ENABLE_OBJC_ARC = YES;
				CLANG_ENABLE_OBJC_WEAK = YES;
				CLANG_WARN_BLOCK_CAPTURE_AUTORELEASING = YES;
				CLANG_WARN_BOOL_CONVERSION = YES;
				CLANG_WARN_COMMA = YES;
				CLANG_WARN_CONSTANT_CONVERSION = YES;
				CLANG_WARN_DEPRECATED_OBJC_IMPLEMENTATIONS = YES;
				CLANG_WARN_DIRECT_OBJC_ISA_USAGE = YES_ERROR;
				CLANG_WARN_DOCUMENTATION_COMMENTS = YES;
				CLANG_WARN_EMPTY_BODY = YES;
				CLANG_WARN_ENUM_CONVERSION = YES;
				CLANG_WARN_INFINITE_RECURSION = YES;
				CLANG_WARN_INT_CONVERSION = YES;
				CLANG_WARN_NON_LITERAL_NULL_CONVERSION = YES;
				CLANG_WARN_OBJC_IMPLICIT_RETAIN_SELF = YES;
				CLANG_WARN_OBJC_LITERAL_CONVERSION = YES;
				CLANG_WARN_OBJC_ROOT_CLASS = YES_ERROR;
				CLANG_WARN_RANGE_LOOP_ANALYSIS = YES;
				CLANG_WARN_STRICT_PROTOTYPES = YES;
				CLANG_WARN_SUSPICIOUS_MOVE = YES;
				CLANG_WARN_UNGUARDED_AVAILABILITY = YES_AGGRESSIVE;
				CLANG_WARN_UNREACHABLE_CODE = YES;
				CLANG_WARN__DUPLICATE_METHOD_MATCH = YES;
				CODE_SIGN_IDENTITY = "iPhone Developer";
				COPY_PHASE_STRIP = NO;
				DEBUG_INFORMATION_FORMAT = "dwarf-with-dsym";
				ENABLE_NS_ASSERTIONS = NO;
				ENABLE_STRICT_OBJC_MSGSEND = YES;
				GCC_C_LANGUAGE_STANDARD = gnu11;
				GCC_NO_COMMON_BLOCKS = YES;
				GCC_WARN_64_TO_32_BIT_CONVERSION = YES;
				GCC_WARN_ABOUT_RETURN_TYPE = YES_ERROR;
				GCC_WARN_UNDECLARED_SELECTOR = YES;
				GCC_WARN_UNINITIALIZED_AUTOS = YES_AGGRESSIVE;
				GCC_WARN_UNUSED_FUNCTION = YES;
				GCC_WARN_UNUSED_VARIABLE = YES;
				IPHONEOS_DEPLOYMENT_TARGET = 11.3;
				MTL_ENABLE_DEBUG_INFO = NO;
				SDKROOT = iphoneos;
				SWIFT_COMPILATION_MODE = wholemodule;
				SWIFT_OPTIMIZATION_LEVEL = "-O";
				VALIDATE_PRODUCT = YES;
			};
			name = Release;
		};
		ABF26AF420AA57FE00063A9E /* Debug */ = {
			isa = XCBuildConfiguration;
			buildSettings = {
				ASSETCATALOG_COMPILER_APPICON_NAME = AppIcon;
				CODE_SIGN_STYLE = Automatic;
				INFOPLIST_FILE = "Playing Card Deck/Info.plist";
				LD_RUNPATH_SEARCH_PATHS = (
					"$(inherited)",
					"@executable_path/Frameworks",
				);
				PRODUCT_BUNDLE_IDENTIFIER = "edu.byuh.Playing-Card-Deck";
				PRODUCT_NAME = "$(TARGET_NAME)";
				SWIFT_VERSION = 4.0;
				TARGETED_DEVICE_FAMILY = "1,2";
			};
			name = Debug;
		};
		ABF26AF520AA57FE00063A9E /* Release */ = {
			isa = XCBuildConfiguration;
			buildSettings = {
				ASSETCATALOG_COMPILER_APPICON_NAME = AppIcon;
				CODE_SIGN_STYLE = Automatic;
				INFOPLIST_FILE = "Playing Card Deck/Info.plist";
				LD_RUNPATH_SEARCH_PATHS = (
					"$(inherited)",
					"@executable_path/Frameworks",
				);
				PRODUCT_BUNDLE_IDENTIFIER = "edu.byuh.Playing-Card-Deck";
				PRODUCT_NAME = "$(TARGET_NAME)";
				SWIFT_VERSION = 4.0;
				TARGETED_DEVICE_FAMILY = "1,2";
			};
			name = Release;
		};
/* End XCBuildConfiguration section */

/* Begin XCConfigurationList section */
		ABF26ADC20AA57FD00063A9E /* Build configuration list for PBXProject "Playing Card Deck" */ = {
			isa = XCConfigurationList;
			buildConfigurations = (
				ABF26AF120AA57FE00063A9E /* Debug */,
				ABF26AF220AA57FE00063A9E /* Release */,
			);
			defaultConfigurationIsVisible = 0;
			defaultConfigurationName = Release;
		};
		ABF26AF320AA57FE00063A9E /* Build configuration list for PBXNativeTarget "Playing Card Deck" */ = {
			isa = XCConfigurationList;
			buildConfigurations = (
				ABF26AF420AA57FE00063A9E /* Debug */,
				ABF26AF520AA57FE00063A9E /* Release */,
			);
			defaultConfigurationIsVisible = 0;
			defaultConfigurationName = Release;
		};
/* End XCConfigurationList section */
	};
	rootObject = ABF26AD920AA57FD00063A9E /* Project object */;
}
